
Microsoft Visual Studio Solution File, Format Version 12.00
# Visual Studio Version 17
VisualStudioVersion = 17.4.33122.133
MinimumVisualStudioVersion = 10.0.40219.1
Project("{9A19103F-16F7-4668-BE54-9A1E7A4F7556}") = "DominoAPI", "DominoAPI\DominoAPI.csproj", "{BA9E84AF-7F2C-4235-AE3F-639F3D7C1635}"
EndProject
Project("{9A19103F-16F7-4668-BE54-9A1E7A4F7556}") = "UtilityLibrary", "UtilityLibrary\UtilityLibrary.csproj", "{A5A11CB8-EC3B-462A-A5B2-CF1B4ED02710}"
EndProject
Global
	GlobalSection(SolutionConfigurationPlatforms) = preSolution
		Debug|Any CPU = Debug|Any CPU
		Release|Any CPU = Release|Any CPU
	EndGlobalSection
	GlobalSection(ProjectConfigurationPlatforms) = postSolution
		{BA9E84AF-7F2C-4235-AE3F-639F3D7C1635}.Debug|Any CPU.ActiveCfg = Debug|Any CPU
		{BA9E84AF-7F2C-4235-AE3F-639F3D7C1635}.Debug|Any CPU.Build.0 = Debug|Any CPU
		{BA9E84AF-7F2C-4235-AE3F-639F3D7C1635}.Release|Any CPU.ActiveCfg = Release|Any CPU
		{BA9E84AF-7F2C-4235-AE3F-639F3D7C1635}.Release|Any CPU.Build.0 = Release|Any CPU
		{A5A11CB8-EC3B-462A-A5B2-CF1B4ED02710}.Debug|Any CPU.ActiveCfg = Release|Any CPU
		{A5A11CB8-EC3B-462A-A5B2-CF1B4ED02710}.Debug|Any CPU.Build.0 = Release|Any CPU
		{A5A11CB8-EC3B-462A-A5B2-CF1B4ED02710}.Release|Any CPU.ActiveCfg = Release|Any CPU
		{A5A11CB8-EC3B-462A-A5B2-CF1B4ED02710}.Release|Any CPU.Build.0 = Release|Any CPU
	EndGlobalSection
	GlobalSection(SolutionProperties) = preSolution
		HideSolutionNode = FALSE
	EndGlobalSection
	GlobalSection(ExtensibilityGlobals) = postSolution
		SolutionGuid = {54BC5412-EE3F-4722-8B83-8DEBD8A7C408}
	EndGlobalSection
EndGlobal
